// !$*UTF8*$!
{
	archiveVersion = 1;
	classes = {
	};
	objectVersion = 55;
	objects = {

/* Begin PBXBuildFile section */
		B1C7158728A460BB00E7E263 /* AppDelegate.swift in Sources */ = {isa = PBXBuildFile; fileRef = B1C7158628A460BB00E7E263 /* AppDelegate.swift */; };
		B1C7158928A460BB00E7E263 /* SceneDelegate.swift in Sources */ = {isa = PBXBuildFile; fileRef = B1C7158828A460BB00E7E263 /* SceneDelegate.swift */; };
		B1C7158E28A460BB00E7E263 /* Main.storyboard in Resources */ = {isa = PBXBuildFile; fileRef = B1C7158C28A460BB00E7E263 /* Main.storyboard */; };
		B1C7159128A460BB00E7E263 /* ViperPatternProject.xcdatamodeld in Sources */ = {isa = PBXBuildFile; fileRef = B1C7158F28A460BB00E7E263 /* ViperPatternProject.xcdatamodeld */; };
		B1C7159328A460BD00E7E263 /* Assets.xcassets in Resources */ = {isa = PBXBuildFile; fileRef = B1C7159228A460BD00E7E263 /* Assets.xcassets */; };
		B1C7159628A460BD00E7E263 /* LaunchScreen.storyboard in Resources */ = {isa = PBXBuildFile; fileRef = B1C7159428A460BD00E7E263 /* LaunchScreen.storyboard */; };
		B1C7159F28A4705300E7E263 /* HomeViewController.swift in Sources */ = {isa = PBXBuildFile; fileRef = B1C7159E28A4705300E7E263 /* HomeViewController.swift */; };
		B1C715A128A4706A00E7E263 /* Interactor.swift in Sources */ = {isa = PBXBuildFile; fileRef = B1C715A028A4706A00E7E263 /* Interactor.swift */; };
		B1C715A328A470C300E7E263 /* HomePresenter.swift in Sources */ = {isa = PBXBuildFile; fileRef = B1C715A228A470C300E7E263 /* HomePresenter.swift */; };
		B1C715A528A470E900E7E263 /* Entity.swift in Sources */ = {isa = PBXBuildFile; fileRef = B1C715A428A470E900E7E263 /* Entity.swift */; };
		B1C715A728A470F700E7E263 /* HomeRouter.swift in Sources */ = {isa = PBXBuildFile; fileRef = B1C715A628A470F700E7E263 /* HomeRouter.swift */; };
		B1CA6FBF28B5777C00D1F7D0 /* HomeView.swift in Sources */ = {isa = PBXBuildFile; fileRef = B1CA6FBE28B5777C00D1F7D0 /* HomeView.swift */; };
		B1CA6FC228B5851900D1F7D0 /* BasePresenter.swift in Sources */ = {isa = PBXBuildFile; fileRef = B1CA6FC128B5851900D1F7D0 /* BasePresenter.swift */; };
		B1CA6FC428B589B100D1F7D0 /* BaseRouter.swift in Sources */ = {isa = PBXBuildFile; fileRef = B1CA6FC328B589B100D1F7D0 /* BaseRouter.swift */; };
/* End PBXBuildFile section */

/* Begin PBXFileReference section */
		B1C7158328A460BB00E7E263 /* ViperPatternProject.app */ = {isa = PBXFileReference; explicitFileType = wrapper.application; includeInIndex = 0; path = ViperPatternProject.app; sourceTree = BUILT_PRODUCTS_DIR; };
		B1C7158628A460BB00E7E263 /* AppDelegate.swift */ = {isa = PBXFileReference; lastKnownFileType = sourcecode.swift; path = AppDelegate.swift; sourceTree = "<group>"; };
		B1C7158828A460BB00E7E263 /* SceneDelegate.swift */ = {isa = PBXFileReference; lastKnownFileType = sourcecode.swift; path = SceneDelegate.swift; sourceTree = "<group>"; };
		B1C7158D28A460BB00E7E263 /* Base */ = {isa = PBXFileReference; lastKnownFileType = file.storyboard; name = Base; path = Base.lproj/Main.storyboard; sourceTree = "<group>"; };
		B1C7159028A460BB00E7E263 /* ViperPatternProject.xcdatamodel */ = {isa = PBXFileReference; lastKnownFileType = wrapper.xcdatamodel; path = ViperPatternProject.xcdatamodel; sourceTree = "<group>"; };
		B1C7159228A460BD00E7E263 /* Assets.xcassets */ = {isa = PBXFileReference; lastKnownFileType = folder.assetcatalog; path = Assets.xcassets; sourceTree = "<group>"; };
		B1C7159528A460BD00E7E263 /* Base */ = {isa = PBXFileReference; lastKnownFileType = file.storyboard; name = Base; path = Base.lproj/LaunchScreen.storyboard; sourceTree = "<group>"; };
		B1C7159728A460BD00E7E263 /* Info.plist */ = {isa = PBXFileReference; lastKnownFileType = text.plist.xml; path = Info.plist; sourceTree = "<group>"; };
		B1C7159E28A4705300E7E263 /* HomeViewController.swift */ = {isa = PBXFileReference; lastKnownFileType = sourcecode.swift; path = HomeViewController.swift; sourceTree = "<group>"; };
		B1C715A028A4706A00E7E263 /* Interactor.swift */ = {isa = PBXFileReference; lastKnownFileType = sourcecode.swift; path = Interactor.swift; sourceTree = "<group>"; };
		B1C715A228A470C300E7E263 /* HomePresenter.swift */ = {isa = PBXFileReference; lastKnownFileType = sourcecode.swift; path = HomePresenter.swift; sourceTree = "<group>"; };
		B1C715A428A470E900E7E263 /* Entity.swift */ = {isa = PBXFileReference; lastKnownFileType = sourcecode.swift; path = Entity.swift; sourceTree = "<group>"; };
		B1C715A628A470F700E7E263 /* HomeRouter.swift */ = {isa = PBXFileReference; lastKnownFileType = sourcecode.swift; path = HomeRouter.swift; sourceTree = "<group>"; };
		B1CA6FBE28B5777C00D1F7D0 /* HomeView.swift */ = {isa = PBXFileReference; lastKnownFileType = sourcecode.swift; path = HomeView.swift; sourceTree = "<group>"; };
		B1CA6FC128B5851900D1F7D0 /* BasePresenter.swift */ = {isa = PBXFileReference; lastKnownFileType = sourcecode.swift; path = BasePresenter.swift; sourceTree = "<group>"; };
		B1CA6FC328B589B100D1F7D0 /* BaseRouter.swift */ = {isa = PBXFileReference; lastKnownFileType = sourcecode.swift; path = BaseRouter.swift; sourceTree = "<group>"; };
/* End PBXFileReference section */

/* Begin PBXFrameworksBuildPhase section */
		B1C7158028A460BA00E7E263 /* Frameworks */ = {
			isa = PBXFrameworksBuildPhase;
			buildActionMask = 2147483647;
			files = (
			);
			runOnlyForDeploymentPostprocessing = 0;
		};
/* End PBXFrameworksBuildPhase section */

/* Begin PBXGroup section */
		B1C7157A28A460BA00E7E263 = {
			isa = PBXGroup;
			children = (
				B1C7158528A460BB00E7E263 /* ViperPatternProject */,
				B1C7158428A460BB00E7E263 /* Products */,
			);
			sourceTree = "<group>";
		};
		B1C7158428A460BB00E7E263 /* Products */ = {
			isa = PBXGroup;
			children = (
				B1C7158328A460BB00E7E263 /* ViperPatternProject.app */,
			);
			name = Products;
			sourceTree = "<group>";
		};
		B1C7158528A460BB00E7E263 /* ViperPatternProject */ = {
			isa = PBXGroup;
			children = (
				B1CA6FC028B5850700D1F7D0 /* utils */,
				B1C7159D28A4703D00E7E263 /* VIPPER */,
				B1C7158628A460BB00E7E263 /* AppDelegate.swift */,
				B1C7158828A460BB00E7E263 /* SceneDelegate.swift */,
				B1C7158C28A460BB00E7E263 /* Main.storyboard */,
				B1C7159228A460BD00E7E263 /* Assets.xcassets */,
				B1C7159428A460BD00E7E263 /* LaunchScreen.storyboard */,
				B1C7159728A460BD00E7E263 /* Info.plist */,
				B1C7158F28A460BB00E7E263 /* ViperPatternProject.xcdatamodeld */,
			);
			path = ViperPatternProject;
			sourceTree = "<group>";
		};
		B1C7159D28A4703D00E7E263 /* VIPPER */ = {
			isa = PBXGroup;
			children = (
				B1C7159E28A4705300E7E263 /* HomeViewController.swift */,
				B1C715A028A4706A00E7E263 /* Interactor.swift */,
				B1C715A228A470C300E7E263 /* HomePresenter.swift */,
				B1C715A428A470E900E7E263 /* Entity.swift */,
				B1C715A628A470F700E7E263 /* HomeRouter.swift */,
				B1CA6FBE28B5777C00D1F7D0 /* HomeView.swift */,
			);
			path = VIPPER;
			sourceTree = "<group>";
		};
		B1CA6FC028B5850700D1F7D0 /* utils */ = {
			isa = PBXGroup;
			children = (
				B1CA6FC128B5851900D1F7D0 /* BasePresenter.swift */,
				B1CA6FC328B589B100D1F7D0 /* BaseRouter.swift */,
			);
			path = utils;
			sourceTree = "<group>";
		};
/* End PBXGroup section */

/* Begin PBXNativeTarget section */
		B1C7158228A460BA00E7E263 /* ViperPatternProject */ = {
			isa = PBXNativeTarget;
			buildConfigurationList = B1C7159A28A460BD00E7E263 /* Build configuration list for PBXNativeTarget "ViperPatternProject" */;
			buildPhases = (
				B1C7157F28A460BA00E7E263 /* Sources */,
				B1C7158028A460BA00E7E263 /* Frameworks */,
				B1C7158128A460BA00E7E263 /* Resources */,
			);
			buildRules = (
			);
			dependencies = (
			);
			name = ViperPatternProject;
			productName = ViperPatternProject;
			productReference = B1C7158328A460BB00E7E263 /* ViperPatternProject.app */;
			productType = "com.apple.product-type.application";
		};
/* End PBXNativeTarget section */

/* Begin PBXProject section */
		B1C7157B28A460BA00E7E263 /* Project object */ = {
			isa = PBXProject;
			attributes = {
				BuildIndependentTargetsInParallel = 1;
				LastSwiftUpdateCheck = 1340;
				LastUpgradeCheck = 1340;
				TargetAttributes = {
					B1C7158228A460BA00E7E263 = {
						CreatedOnToolsVersion = 13.4.1;
					};
				};
			};
			buildConfigurationList = B1C7157E28A460BA00E7E263 /* Build configuration list for PBXProject "ViperPatternProject" */;
			compatibilityVersion = "Xcode 13.0";
			developmentRegion = en;
			hasScannedForEncodings = 0;
			knownRegions = (
				en,
				Base,
			);
			mainGroup = B1C7157A28A460BA00E7E263;
			productRefGroup = B1C7158428A460BB00E7E263 /* Products */;
			projectDirPath = "";
			projectRoot = "";
			targets = (
				B1C7158228A460BA00E7E263 /* ViperPatternProject */,
			);
		};
/* End PBXProject section */

/* Begin PBXResourcesBuildPhase section */
		B1C7158128A460BA00E7E263 /* Resources */ = {
			isa = PBXResourcesBuildPhase;
			buildActionMask = 2147483647;
			files = (
				B1C7159628A460BD00E7E263 /* LaunchScreen.storyboard in Resources */,
				B1C7159328A460BD00E7E263 /* Assets.xcassets in Resources */,
				B1C7158E28A460BB00E7E263 /* Main.storyboard in Resources */,
			);
			runOnlyForDeploymentPostprocessing = 0;
		};
/* End PBXResourcesBuildPhase section */

/* Begin PBXSourcesBuildPhase section */
		B1C7157F28A460BA00E7E263 /* Sources */ = {
			isa = PBXSourcesBuildPhase;
			buildActionMask = 2147483647;
			files = (
				B1CA6FBF28B5777C00D1F7D0 /* HomeView.swift in Sources */,
				B1C715A128A4706A00E7E263 /* Interactor.swift in Sources */,
				B1CA6FC228B5851900D1F7D0 /* BasePresenter.swift in Sources */,
				B1C715A328A470C300E7E263 /* HomePresenter.swift in Sources */,
				B1C7158728A460BB00E7E263 /* AppDelegate.swift in Sources */,
				B1C715A728A470F700E7E263 /* HomeRouter.swift in Sources */,
				B1C715A528A470E900E7E263 /* Entity.swift in Sources */,
				B1CA6FC428B589B100D1F7D0 /* BaseRouter.swift in Sources */,
				B1C7159F28A4705300E7E263 /* HomeViewController.swift in Sources */,
				B1C7159128A460BB00E7E263 /* ViperPatternProject.xcdatamodeld in Sources */,
				B1C7158928A460BB00E7E263 /* SceneDelegate.swift in Sources */,
			);
			runOnlyForDeploymentPostprocessing = 0;
		};
/* End PBXSourcesBuildPhase section */

/* Begin PBXVariantGroup section */
		B1C7158C28A460BB00E7E263 /* Main.storyboard */ = {
			isa = PBXVariantGroup;
			children = (
				B1C7158D28A460BB00E7E263 /* Base */,
			);
			name = Main.storyboard;
			sourceTree = "<group>";
		};
		B1C7159428A460BD00E7E263 /* LaunchScreen.storyboard */ = {
			isa = PBXVariantGroup;
			children = (
				B1C7159528A460BD00E7E263 /* Base */,
			);
			name = LaunchScreen.storyboard;
			sourceTree = "<group>";
		};
/* End PBXVariantGroup section */

/* Begin XCBuildConfiguration section */
		B1C7159828A460BD00E7E263 /* Debug */ = {
			isa = XCBuildConfiguration;
			buildSettings = {
				ALWAYS_SEARCH_USER_PATHS = NO;
				CLANG_ANALYZER_NONNULL = YES;
				CLANG_ANALYZER_NUMBER_OBJECT_CONVERSION = YES_AGGRESSIVE;
				CLANG_CXX_LANGUAGE_STANDARD = "gnu++17";
				CLANG_ENABLE_MODULES = YES;
				CLANG_ENABLE_OBJC_ARC = YES;
				CLANG_ENABLE_OBJC_WEAK = YES;
				CLANG_WARN_BLOCK_CAPTURE_AUTORELEASING = YES;
				CLANG_WARN_BOOL_CONVERSION = YES;
				CLANG_WARN_COMMA = YES;
				CLANG_WARN_CONSTANT_CONVERSION = YES;
				CLANG_WARN_DEPRECATED_OBJC_IMPLEMENTATIONS = YES;
				CLANG_WARN_DIRECT_OBJC_ISA_USAGE = YES_ERROR;
				CLANG_WARN_DOCUMENTATION_COMMENTS = YES;
				CLANG_WARN_EMPTY_BODY = YES;
				CLANG_WARN_ENUM_CONVERSION = YES;
				CLANG_WARN_INFINITE_RECURSION = YES;
				CLANG_WARN_INT_CONVERSION = YES;
				CLANG_WARN_NON_LITERAL_NULL_CONVERSION = YES;
				CLANG_WARN_OBJC_IMPLICIT_RETAIN_SELF = YES;
				CLANG_WARN_OBJC_LITERAL_CONVERSION = YES;
				CLANG_WARN_OBJC_ROOT_CLASS = YES_ERROR;
				CLANG_WARN_QUOTED_INCLUDE_IN_FRAMEWORK_HEADER = YES;
				CLANG_WARN_RANGE_LOOP_ANALYSIS = YES;
				CLANG_WARN_STRICT_PROTOTYPES = YES;
				CLANG_WARN_SUSPICIOUS_MOVE = YES;
				CLANG_WARN_UNGUARDED_AVAILABILITY = YES_AGGRESSIVE;
				CLANG_WARN_UNREACHABLE_CODE = YES;
				CLANG_WARN__DUPLICATE_METHOD_MATCH = YES;
				COPY_PHASE_STRIP = NO;
				DEBUG_INFORMATION_FORMAT = dwarf;
				ENABLE_STRICT_OBJC_MSGSEND = YES;
				ENABLE_TESTABILITY = YES;
				GCC_C_LANGUAGE_STANDARD = gnu11;
				GCC_DYNAMIC_NO_PIC = NO;
				GCC_NO_COMMON_BLOCKS = YES;
				GCC_OPTIMIZATION_LEVEL = 0;
				GCC_PREPROCESSOR_DEFINITIONS = (
					"DEBUG=1",
					"$(inherited)",
				);
				GCC_WARN_64_TO_32_BIT_CONVERSION = YES;
				GCC_WARN_ABOUT_RETURN_TYPE = YES_ERROR;
				GCC_WARN_UNDECLARED_SELECTOR = YES;
				GCC_WARN_UNINITIALIZED_AUTOS = YES_AGGRESSIVE;
				GCC_WARN_UNUSED_FUNCTION = YES;
				GCC_WARN_UNUSED_VARIABLE = YES;
				IPHONEOS_DEPLOYMENT_TARGET = 15.5;
				MTL_ENABLE_DEBUG_INFO = INCLUDE_SOURCE;
				MTL_FAST_MATH = YES;
				ONLY_ACTIVE_ARCH = YES;
				SDKROOT = iphoneos;
				SWIFT_ACTIVE_COMPILATION_CONDITIONS = DEBUG;
				SWIFT_OPTIMIZATION_LEVEL = "-Onone";
			};
			name = Debug;
		};
		B1C7159928A460BD00E7E263 /* Release */ = {
			isa = XCBuildConfiguration;
			buildSettings = {
				ALWAYS_SEARCH_USER_PATHS = NO;
				CLANG_ANALYZER_NONNULL = YES;
				CLANG_ANALYZER_NUMBER_OBJECT_CONVERSION = YES_AGGRESSIVE;
				CLANG_CXX_LANGUAGE_STANDARD = "gnu++17";
				CLANG_ENABLE_MODULES = YES;
				CLANG_ENABLE_OBJC_ARC = YES;
				CLANG_ENABLE_OBJC_WEAK = YES;
				CLANG_WARN_BLOCK_CAPTURE_AUTORELEASING = YES;
				CLANG_WARN_BOOL_CONVERSION = YES;
				CLANG_WARN_COMMA = YES;
				CLANG_WARN_CONSTANT_CONVERSION = YES;
				CLANG_WARN_DEPRECATED_OBJC_IMPLEMENTATIONS = YES;
				CLANG_WARN_DIRECT_OBJC_ISA_USAGE = YES_ERROR;
				CLANG_WARN_DOCUMENTATION_COMMENTS = YES;
				CLANG_WARN_EMPTY_BODY = YES;
				CLANG_WARN_ENUM_CONVERSION = YES;
				CLANG_WARN_INFINITE_RECURSION = YES;
				CLANG_WARN_INT_CONVERSION = YES;
				CLANG_WARN_NON_LITERAL_NULL_CONVERSION = YES;
				CLANG_WARN_OBJC_IMPLICIT_RETAIN_SELF = YES;
				CLANG_WARN_OBJC_LITERAL_CONVERSION = YES;
				CLANG_WARN_OBJC_ROOT_CLASS = YES_ERROR;
				CLANG_WARN_QUOTED_INCLUDE_IN_FRAMEWORK_HEADER = YES;
				CLANG_WARN_RANGE_LOOP_ANALYSIS = YES;
				CLANG_WARN_STRICT_PROTOTYPES = YES;
				CLANG_WARN_SUSPICIOUS_MOVE = YES;
				CLANG_WARN_UNGUARDED_AVAILABILITY = YES_AGGRESSIVE;
				CLANG_WARN_UNREACHABLE_CODE = YES;
				CLANG_WARN__DUPLICATE_METHOD_MATCH = YES;
				COPY_PHASE_STRIP = NO;
				DEBUG_INFORMATION_FORMAT = "dwarf-with-dsym";
				ENABLE_NS_ASSERTIONS = NO;
				ENABLE_STRICT_OBJC_MSGSEND = YES;
				GCC_C_LANGUAGE_STANDARD = gnu11;
				GCC_NO_COMMON_BLOCKS = YES;
				GCC_WARN_64_TO_32_BIT_CONVERSION = YES;
				GCC_WARN_ABOUT_RETURN_TYPE = YES_ERROR;
				GCC_WARN_UNDECLARED_SELECTOR = YES;
				GCC_WARN_UNINITIALIZED_AUTOS = YES_AGGRESSIVE;
				GCC_WARN_UNUSED_FUNCTION = YES;
				GCC_WARN_UNUSED_VARIABLE = YES;
				IPHONEOS_DEPLOYMENT_TARGET = 15.5;
				MTL_ENABLE_DEBUG_INFO = NO;
				MTL_FAST_MATH = YES;
				SDKROOT = iphoneos;
				SWIFT_COMPILATION_MODE = wholemodule;
				SWIFT_OPTIMIZATION_LEVEL = "-O";
				VALIDATE_PRODUCT = YES;
			};
			name = Release;
		};
		B1C7159B28A460BD00E7E263 /* Debug */ = {
			isa = XCBuildConfiguration;
			buildSettings = {
				ASSETCATALOG_COMPILER_APPICON_NAME = AppIcon;
				ASSETCATALOG_COMPILER_GLOBAL_ACCENT_COLOR_NAME = AccentColor;
				CODE_SIGN_STYLE = Automatic;
				CURRENT_PROJECT_VERSION = 1;
				DEVELOPMENT_TEAM = HXF8S9J8KJ;
				GENERATE_INFOPLIST_FILE = YES;
				INFOPLIST_FILE = ViperPatternProject/Info.plist;
				INFOPLIST_KEY_UIApplicationSupportsIndirectInputEvents = YES;
				INFOPLIST_KEY_UILaunchStoryboardName = LaunchScreen;
				INFOPLIST_KEY_UIMainStoryboardFile = Main;
				INFOPLIST_KEY_UISupportedInterfaceOrientations_iPad = "UIInterfaceOrientationPortrait UIInterfaceOrientationPortraitUpsideDown UIInterfaceOrientationLandscapeLeft UIInterfaceOrientationLandscapeRight";
				INFOPLIST_KEY_UISupportedInterfaceOrientations_iPhone = "UIInterfaceOrientationPortrait UIInterfaceOrientationLandscapeLeft UIInterfaceOrientationLandscapeRight";
				LD_RUNPATH_SEARCH_PATHS = (
					"$(inherited)",
					"@executable_path/Frameworks",
				);
				MARKETING_VERSION = 1.0;
				PRODUCT_BUNDLE_IDENTIFIER = com.manriquetavi.ViperPatternProject;
				PRODUCT_NAME = "$(TARGET_NAME)";
				SWIFT_EMIT_LOC_STRINGS = YES;
				SWIFT_VERSION = 5.0;
				TARGETED_DEVICE_FAMILY = "1,2";
			};
			name = Debug;
		};
		B1C7159C28A460BD00E7E263 /* Release */ = {
			isa = XCBuildConfiguration;
			buildSettings = {
				ASSETCATALOG_COMPILER_APPICON_NAME = AppIcon;
				ASSETCATALOG_COMPILER_GLOBAL_ACCENT_COLOR_NAME = AccentColor;
				CODE_SIGN_STYLE = Automatic;
				CURRENT_PROJECT_VERSION = 1;
				DEVELOPMENT_TEAM = HXF8S9J8KJ;
				GENERATE_INFOPLIST_FILE = YES;
				INFOPLIST_FILE = ViperPatternProject/Info.plist;
				INFOPLIST_KEY_UIApplicationSupportsIndirectInputEvents = YES;
				INFOPLIST_KEY_UILaunchStoryboardName = LaunchScreen;
				INFOPLIST_KEY_UIMainStoryboardFile = Main;
				INFOPLIST_KEY_UISupportedInterfaceOrientations_iPad = "UIInterfaceOrientationPortrait UIInterfaceOrientationPortraitUpsideDown UIInterfaceOrientationLandscapeLeft UIInterfaceOrientationLandscapeRight";
				INFOPLIST_KEY_UISupportedInterfaceOrientations_iPhone = "UIInterfaceOrientationPortrait UIInterfaceOrientationLandscapeLeft UIInterfaceOrientationLandscapeRight";
				LD_RUNPATH_SEARCH_PATHS = (
					"$(inherited)",
					"@executable_path/Frameworks",
				);
				MARKETING_VERSION = 1.0;
				PRODUCT_BUNDLE_IDENTIFIER = com.manriquetavi.ViperPatternProject;
				PRODUCT_NAME = "$(TARGET_NAME)";
				SWIFT_EMIT_LOC_STRINGS = YES;
				SWIFT_VERSION = 5.0;
				TARGETED_DEVICE_FAMILY = "1,2";
			};
			name = Release;
		};
/* End XCBuildConfiguration section */

/* Begin XCConfigurationList section */
		B1C7157E28A460BA00E7E263 /* Build configuration list for PBXProject "ViperPatternProject" */ = {
			isa = XCConfigurationList;
			buildConfigurations = (
				B1C7159828A460BD00E7E263 /* Debug */,
				B1C7159928A460BD00E7E263 /* Release */,
			);
			defaultConfigurationIsVisible = 0;
			defaultConfigurationName = Release;
		};
		B1C7159A28A460BD00E7E263 /* Build configuration list for PBXNativeTarget "ViperPatternProject" */ = {
			isa = XCConfigurationList;
			buildConfigurations = (
				B1C7159B28A460BD00E7E263 /* Debug */,
				B1C7159C28A460BD00E7E263 /* Release */,
			);
			defaultConfigurationIsVisible = 0;
			defaultConfigurationName = Release;
		};
/* End XCConfigurationList section */

/* Begin XCVersionGroup section */
		B1C7158F28A460BB00E7E263 /* ViperPatternProject.xcdatamodeld */ = {
			isa = XCVersionGroup;
			children = (
				B1C7159028A460BB00E7E263 /* ViperPatternProject.xcdatamodel */,
			);
			currentVersion = B1C7159028A460BB00E7E263 /* ViperPatternProject.xcdatamodel */;
			path = ViperPatternProject.xcdatamodeld;
			sourceTree = "<group>";
			versionGroupType = wrapper.xcdatamodel;
		};
/* End XCVersionGroup section */
	};
	rootObject = B1C7157B28A460BA00E7E263 /* Project object */;
}
